
Microsoft Visual Studio Solution File, Format Version 12.00
# Visual Studio Version 16
VisualStudioVersion = 16.0.30503.244
MinimumVisualStudioVersion = 10.0.40219.1
Project("{9A19103F-16F7-4668-BE54-9A1E7A4F7556}") = "MealPlannerServer", "MealPlannerServer.csproj", "{AD1904B3-86AB-4962-B7ED-B80C0935B097}"
EndProject
Project("{FAE04EC0-301F-11D3-BF4B-00C04F79EFBC}") = "MealPlannerClient", "..\MealPlannerClient\MealPlannerClient.csproj", "{65B99827-E63F-415A-AF3F-67B4711F1380}"
EndProject
Global
	GlobalSection(SolutionConfigurationPlatforms) = preSolution
		Debug|Any CPU = Debug|Any CPU
		Release|Any CPU = Release|Any CPU
	EndGlobalSection
	GlobalSection(ProjectConfigurationPlatforms) = postSolution
		{AD1904B3-86AB-4962-B7ED-B80C0935B097}.Debug|Any CPU.ActiveCfg = Debug|Any CPU
		{AD1904B3-86AB-4962-B7ED-B80C0935B097}.Debug|Any CPU.Build.0 = Debug|Any CPU
		{AD1904B3-86AB-4962-B7ED-B80C0935B097}.Release|Any CPU.ActiveCfg = Release|Any CPU
		{AD1904B3-86AB-4962-B7ED-B80C0935B097}.Release|Any CPU.Build.0 = Release|Any CPU
		{65B99827-E63F-415A-AF3F-67B4711F1380}.Debug|Any CPU.ActiveCfg = Debug|Any CPU
		{65B99827-E63F-415A-AF3F-67B4711F1380}.Debug|Any CPU.Build.0 = Debug|Any CPU
		{65B99827-E63F-415A-AF3F-67B4711F1380}.Release|Any CPU.ActiveCfg = Release|Any CPU
		{65B99827-E63F-415A-AF3F-67B4711F1380}.Release|Any CPU.Build.0 = Release|Any CPU
	EndGlobalSection
	GlobalSection(SolutionProperties) = preSolution
		HideSolutionNode = FALSE
	EndGlobalSection
	GlobalSection(ExtensibilityGlobals) = postSolution
		SolutionGuid = {AAF92E05-A398-4914-85E7-088B9482479C}
	EndGlobalSection
EndGlobal
